// !$*UTF8*$!
{
	archiveVersion = 1;
	classes = {
	};
	objectVersion = 56;
	objects = {

/* Begin PBXBuildFile section */
		5B9727622B81F7D500BBD27F /* AppDelegate.swift in Sources */ = {isa = PBXBuildFile; fileRef = 5B9727612B81F7D500BBD27F /* AppDelegate.swift */; };
		5B9727642B81F7D500BBD27F /* SceneDelegate.swift in Sources */ = {isa = PBXBuildFile; fileRef = 5B9727632B81F7D500BBD27F /* SceneDelegate.swift */; };
		5B9727662B81F7D500BBD27F /* ContactListViewController.swift in Sources */ = {isa = PBXBuildFile; fileRef = 5B9727652B81F7D500BBD27F /* ContactListViewController.swift */; };
		5B9727692B81F7D500BBD27F /* Main.storyboard in Resources */ = {isa = PBXBuildFile; fileRef = 5B9727672B81F7D500BBD27F /* Main.storyboard */; };
		5B97276B2B81F7D600BBD27F /* Assets.xcassets in Resources */ = {isa = PBXBuildFile; fileRef = 5B97276A2B81F7D600BBD27F /* Assets.xcassets */; };
		5B97276E2B81F7D600BBD27F /* LaunchScreen.storyboard in Resources */ = {isa = PBXBuildFile; fileRef = 5B97276C2B81F7D600BBD27F /* LaunchScreen.storyboard */; };
		5B9727792B81F7D600BBD27F /* GZTakeAwayTestTests.swift in Sources */ = {isa = PBXBuildFile; fileRef = 5B9727782B81F7D600BBD27F /* GZTakeAwayTestTests.swift */; };
		5B9727832B81F7D600BBD27F /* GZTakeAwayTestUITests.swift in Sources */ = {isa = PBXBuildFile; fileRef = 5B9727822B81F7D600BBD27F /* GZTakeAwayTestUITests.swift */; };
		5B9727852B81F7D600BBD27F /* GZTakeAwayTestUITestsLaunchTests.swift in Sources */ = {isa = PBXBuildFile; fileRef = 5B9727842B81F7D600BBD27F /* GZTakeAwayTestUITestsLaunchTests.swift */; };
		5B9727982B82048000BBD27F /* SearchFieldView.xib in Resources */ = {isa = PBXBuildFile; fileRef = 5B9727972B82048000BBD27F /* SearchFieldView.xib */; };
		5B97279A2B82048E00BBD27F /* SearchFieldView.swift in Sources */ = {isa = PBXBuildFile; fileRef = 5B9727992B82048E00BBD27F /* SearchFieldView.swift */; };
		5BF329EF2B820FBC00BAE58A /* ContactTableViewCell.swift in Sources */ = {isa = PBXBuildFile; fileRef = 5BF329ED2B820FBC00BAE58A /* ContactTableViewCell.swift */; };
		5BF329F02B820FBC00BAE58A /* ContactTableViewCell.xib in Resources */ = {isa = PBXBuildFile; fileRef = 5BF329EE2B820FBC00BAE58A /* ContactTableViewCell.xib */; };
		5BF329F32B8233E100BAE58A /* ContactListViewModel.swift in Sources */ = {isa = PBXBuildFile; fileRef = 5BF329F22B8233E100BAE58A /* ContactListViewModel.swift */; };
		5BF329F72B823B4100BAE58A /* Alamofire in Frameworks */ = {isa = PBXBuildFile; productRef = 5BF329F62B823B4100BAE58A /* Alamofire */; };
		5BF329F92B823ECC00BAE58A /* ContactsModel.swift in Sources */ = {isa = PBXBuildFile; fileRef = 5BF329F82B823ECC00BAE58A /* ContactsModel.swift */; };
		5BF329FB2B82591900BAE58A /* UIView+Shimmer.swift in Sources */ = {isa = PBXBuildFile; fileRef = 5BF329FA2B82591900BAE58A /* UIView+Shimmer.swift */; };
		5BF32A042B825BD800BAE58A /* ShimmerTableViewCell.swift in Sources */ = {isa = PBXBuildFile; fileRef = 5BF32A022B825BD800BAE58A /* ShimmerTableViewCell.swift */; };
		5BF32A052B825BD800BAE58A /* ShimmerTableViewCell.xib in Resources */ = {isa = PBXBuildFile; fileRef = 5BF32A032B825BD800BAE58A /* ShimmerTableViewCell.xib */; };
		5BF32A072B82672B00BAE58A /* Secret.swift in Sources */ = {isa = PBXBuildFile; fileRef = 5BF32A062B82672B00BAE58A /* Secret.swift */; };
/* End PBXBuildFile section */

/* Begin PBXContainerItemProxy section */
		5B9727752B81F7D600BBD27F /* PBXContainerItemProxy */ = {
			isa = PBXContainerItemProxy;
			containerPortal = 5B9727562B81F7D500BBD27F /* Project object */;
			proxyType = 1;
			remoteGlobalIDString = 5B97275D2B81F7D500BBD27F;
			remoteInfo = GZTakeAwayTest;
		};
		5B97277F2B81F7D600BBD27F /* PBXContainerItemProxy */ = {
			isa = PBXContainerItemProxy;
			containerPortal = 5B9727562B81F7D500BBD27F /* Project object */;
			proxyType = 1;
			remoteGlobalIDString = 5B97275D2B81F7D500BBD27F;
			remoteInfo = GZTakeAwayTest;
		};
/* End PBXContainerItemProxy section */

/* Begin PBXFileReference section */
		5B97275E2B81F7D500BBD27F /* GZTakeAwayTest.app */ = {isa = PBXFileReference; explicitFileType = wrapper.application; includeInIndex = 0; path = GZTakeAwayTest.app; sourceTree = BUILT_PRODUCTS_DIR; };
		5B9727612B81F7D500BBD27F /* AppDelegate.swift */ = {isa = PBXFileReference; lastKnownFileType = sourcecode.swift; path = AppDelegate.swift; sourceTree = "<group>"; };
		5B9727632B81F7D500BBD27F /* SceneDelegate.swift */ = {isa = PBXFileReference; lastKnownFileType = sourcecode.swift; path = SceneDelegate.swift; sourceTree = "<group>"; };
		5B9727652B81F7D500BBD27F /* ContactListViewController.swift */ = {isa = PBXFileReference; lastKnownFileType = sourcecode.swift; path = ContactListViewController.swift; sourceTree = "<group>"; };
		5B9727682B81F7D500BBD27F /* Base */ = {isa = PBXFileReference; lastKnownFileType = file.storyboard; name = Base; path = Base.lproj/Main.storyboard; sourceTree = "<group>"; };
		5B97276A2B81F7D600BBD27F /* Assets.xcassets */ = {isa = PBXFileReference; lastKnownFileType = folder.assetcatalog; path = Assets.xcassets; sourceTree = "<group>"; };
		5B97276D2B81F7D600BBD27F /* Base */ = {isa = PBXFileReference; lastKnownFileType = file.storyboard; name = Base; path = Base.lproj/LaunchScreen.storyboard; sourceTree = "<group>"; };
		5B97276F2B81F7D600BBD27F /* Info.plist */ = {isa = PBXFileReference; lastKnownFileType = text.plist.xml; path = Info.plist; sourceTree = "<group>"; };
		5B9727742B81F7D600BBD27F /* GZTakeAwayTestTests.xctest */ = {isa = PBXFileReference; explicitFileType = wrapper.cfbundle; includeInIndex = 0; path = GZTakeAwayTestTests.xctest; sourceTree = BUILT_PRODUCTS_DIR; };
		5B9727782B81F7D600BBD27F /* GZTakeAwayTestTests.swift */ = {isa = PBXFileReference; lastKnownFileType = sourcecode.swift; path = GZTakeAwayTestTests.swift; sourceTree = "<group>"; };
		5B97277E2B81F7D600BBD27F /* GZTakeAwayTestUITests.xctest */ = {isa = PBXFileReference; explicitFileType = wrapper.cfbundle; includeInIndex = 0; path = GZTakeAwayTestUITests.xctest; sourceTree = BUILT_PRODUCTS_DIR; };
		5B9727822B81F7D600BBD27F /* GZTakeAwayTestUITests.swift */ = {isa = PBXFileReference; lastKnownFileType = sourcecode.swift; path = GZTakeAwayTestUITests.swift; sourceTree = "<group>"; };
		5B9727842B81F7D600BBD27F /* GZTakeAwayTestUITestsLaunchTests.swift */ = {isa = PBXFileReference; lastKnownFileType = sourcecode.swift; path = GZTakeAwayTestUITestsLaunchTests.swift; sourceTree = "<group>"; };
		5B9727972B82048000BBD27F /* SearchFieldView.xib */ = {isa = PBXFileReference; lastKnownFileType = file.xib; path = SearchFieldView.xib; sourceTree = "<group>"; };
		5B9727992B82048E00BBD27F /* SearchFieldView.swift */ = {isa = PBXFileReference; lastKnownFileType = sourcecode.swift; path = SearchFieldView.swift; sourceTree = "<group>"; };
		5BF329ED2B820FBC00BAE58A /* ContactTableViewCell.swift */ = {isa = PBXFileReference; lastKnownFileType = sourcecode.swift; path = ContactTableViewCell.swift; sourceTree = "<group>"; };
		5BF329EE2B820FBC00BAE58A /* ContactTableViewCell.xib */ = {isa = PBXFileReference; lastKnownFileType = file.xib; path = ContactTableViewCell.xib; sourceTree = "<group>"; };
		5BF329F22B8233E100BAE58A /* ContactListViewModel.swift */ = {isa = PBXFileReference; lastKnownFileType = sourcecode.swift; path = ContactListViewModel.swift; sourceTree = "<group>"; };
		5BF329F82B823ECC00BAE58A /* ContactsModel.swift */ = {isa = PBXFileReference; lastKnownFileType = sourcecode.swift; path = ContactsModel.swift; sourceTree = "<group>"; };
		5BF329FA2B82591900BAE58A /* UIView+Shimmer.swift */ = {isa = PBXFileReference; lastKnownFileType = sourcecode.swift; path = "UIView+Shimmer.swift"; sourceTree = "<group>"; };
		5BF32A022B825BD800BAE58A /* ShimmerTableViewCell.swift */ = {isa = PBXFileReference; lastKnownFileType = sourcecode.swift; path = ShimmerTableViewCell.swift; sourceTree = "<group>"; };
		5BF32A032B825BD800BAE58A /* ShimmerTableViewCell.xib */ = {isa = PBXFileReference; lastKnownFileType = file.xib; path = ShimmerTableViewCell.xib; sourceTree = "<group>"; };
		5BF32A062B82672B00BAE58A /* Secret.swift */ = {isa = PBXFileReference; lastKnownFileType = sourcecode.swift; path = Secret.swift; sourceTree = "<group>"; };
/* End PBXFileReference section */

/* Begin PBXFrameworksBuildPhase section */
		5B97275B2B81F7D500BBD27F /* Frameworks */ = {
			isa = PBXFrameworksBuildPhase;
			buildActionMask = 2147483647;
			files = (
				5BF329F72B823B4100BAE58A /* Alamofire in Frameworks */,
			);
			runOnlyForDeploymentPostprocessing = 0;
		};
		5B9727712B81F7D600BBD27F /* Frameworks */ = {
			isa = PBXFrameworksBuildPhase;
			buildActionMask = 2147483647;
			files = (
			);
			runOnlyForDeploymentPostprocessing = 0;
		};
		5B97277B2B81F7D600BBD27F /* Frameworks */ = {
			isa = PBXFrameworksBuildPhase;
			buildActionMask = 2147483647;
			files = (
			);
			runOnlyForDeploymentPostprocessing = 0;
		};
/* End PBXFrameworksBuildPhase section */

/* Begin PBXGroup section */
		5B9727552B81F7D500BBD27F = {
			isa = PBXGroup;
			children = (
				5B9727602B81F7D500BBD27F /* GZTakeAwayTest */,
				5B9727772B81F7D600BBD27F /* GZTakeAwayTestTests */,
				5B9727812B81F7D600BBD27F /* GZTakeAwayTestUITests */,
				5B97275F2B81F7D500BBD27F /* Products */,
			);
			sourceTree = "<group>";
		};
		5B97275F2B81F7D500BBD27F /* Products */ = {
			isa = PBXGroup;
			children = (
				5B97275E2B81F7D500BBD27F /* GZTakeAwayTest.app */,
				5B9727742B81F7D600BBD27F /* GZTakeAwayTestTests.xctest */,
				5B97277E2B81F7D600BBD27F /* GZTakeAwayTestUITests.xctest */,
			);
			name = Products;
			sourceTree = "<group>";
		};
		5B9727602B81F7D500BBD27F /* GZTakeAwayTest */ = {
			isa = PBXGroup;
			children = (
				5B9727612B81F7D500BBD27F /* AppDelegate.swift */,
				5B9727632B81F7D500BBD27F /* SceneDelegate.swift */,
				5BF329F42B8233F300BAE58A /* ContactList */,
				5B9727672B81F7D500BBD27F /* Main.storyboard */,
				5B97276A2B81F7D600BBD27F /* Assets.xcassets */,
				5B97276C2B81F7D600BBD27F /* LaunchScreen.storyboard */,
				5B97276F2B81F7D600BBD27F /* Info.plist */,
				5B97279B2B82049200BBD27F /* SearchFieldView */,
				5BF329F12B820FC900BAE58A /* ContactTableViewCell */,
				5BF329F82B823ECC00BAE58A /* ContactsModel.swift */,
				5BF329FA2B82591900BAE58A /* UIView+Shimmer.swift */,
				5BF32A022B825BD800BAE58A /* ShimmerTableViewCell.swift */,
				5BF32A032B825BD800BAE58A /* ShimmerTableViewCell.xib */,
				5BF32A062B82672B00BAE58A /* Secret.swift */,
			);
			path = GZTakeAwayTest;
			sourceTree = "<group>";
		};
		5B9727772B81F7D600BBD27F /* GZTakeAwayTestTests */ = {
			isa = PBXGroup;
			children = (
				5B9727782B81F7D600BBD27F /* GZTakeAwayTestTests.swift */,
			);
			path = GZTakeAwayTestTests;
			sourceTree = "<group>";
		};
		5B9727812B81F7D600BBD27F /* GZTakeAwayTestUITests */ = {
			isa = PBXGroup;
			children = (
				5B9727822B81F7D600BBD27F /* GZTakeAwayTestUITests.swift */,
				5B9727842B81F7D600BBD27F /* GZTakeAwayTestUITestsLaunchTests.swift */,
			);
			path = GZTakeAwayTestUITests;
			sourceTree = "<group>";
		};
		5B97279B2B82049200BBD27F /* SearchFieldView */ = {
			isa = PBXGroup;
			children = (
				5B9727972B82048000BBD27F /* SearchFieldView.xib */,
				5B9727992B82048E00BBD27F /* SearchFieldView.swift */,
			);
			path = SearchFieldView;
			sourceTree = "<group>";
		};
		5BF329F12B820FC900BAE58A /* ContactTableViewCell */ = {
			isa = PBXGroup;
			children = (
				5BF329ED2B820FBC00BAE58A /* ContactTableViewCell.swift */,
				5BF329EE2B820FBC00BAE58A /* ContactTableViewCell.xib */,
			);
			path = ContactTableViewCell;
			sourceTree = "<group>";
		};
		5BF329F42B8233F300BAE58A /* ContactList */ = {
			isa = PBXGroup;
			children = (
				5B9727652B81F7D500BBD27F /* ContactListViewController.swift */,
				5BF329F22B8233E100BAE58A /* ContactListViewModel.swift */,
			);
			path = ContactList;
			sourceTree = "<group>";
		};
/* End PBXGroup section */

/* Begin PBXNativeTarget section */
		5B97275D2B81F7D500BBD27F /* GZTakeAwayTest */ = {
			isa = PBXNativeTarget;
			buildConfigurationList = 5B9727882B81F7D600BBD27F /* Build configuration list for PBXNativeTarget "GZTakeAwayTest" */;
			buildPhases = (
				5B97275A2B81F7D500BBD27F /* Sources */,
				5B97275B2B81F7D500BBD27F /* Frameworks */,
				5B97275C2B81F7D500BBD27F /* Resources */,
			);
			buildRules = (
			);
			dependencies = (
			);
			name = GZTakeAwayTest;
			packageProductDependencies = (
				5BF329F62B823B4100BAE58A /* Alamofire */,
			);
			productName = GZTakeAwayTest;
			productReference = 5B97275E2B81F7D500BBD27F /* GZTakeAwayTest.app */;
			productType = "com.apple.product-type.application";
		};
		5B9727732B81F7D600BBD27F /* GZTakeAwayTestTests */ = {
			isa = PBXNativeTarget;
			buildConfigurationList = 5B97278B2B81F7D600BBD27F /* Build configuration list for PBXNativeTarget "GZTakeAwayTestTests" */;
			buildPhases = (
				5B9727702B81F7D600BBD27F /* Sources */,
				5B9727712B81F7D600BBD27F /* Frameworks */,
				5B9727722B81F7D600BBD27F /* Resources */,
			);
			buildRules = (
			);
			dependencies = (
				5B9727762B81F7D600BBD27F /* PBXTargetDependency */,
			);
			name = GZTakeAwayTestTests;
			productName = GZTakeAwayTestTests;
			productReference = 5B9727742B81F7D600BBD27F /* GZTakeAwayTestTests.xctest */;
			productType = "com.apple.product-type.bundle.unit-test";
		};
		5B97277D2B81F7D600BBD27F /* GZTakeAwayTestUITests */ = {
			isa = PBXNativeTarget;
			buildConfigurationList = 5B97278E2B81F7D600BBD27F /* Build configuration list for PBXNativeTarget "GZTakeAwayTestUITests" */;
			buildPhases = (
				5B97277A2B81F7D600BBD27F /* Sources */,
				5B97277B2B81F7D600BBD27F /* Frameworks */,
				5B97277C2B81F7D600BBD27F /* Resources */,
			);
			buildRules = (
			);
			dependencies = (
				5B9727802B81F7D600BBD27F /* PBXTargetDependency */,
			);
			name = GZTakeAwayTestUITests;
			productName = GZTakeAwayTestUITests;
			productReference = 5B97277E2B81F7D600BBD27F /* GZTakeAwayTestUITests.xctest */;
			productType = "com.apple.product-type.bundle.ui-testing";
		};
/* End PBXNativeTarget section */

/* Begin PBXProject section */
		5B9727562B81F7D500BBD27F /* Project object */ = {
			isa = PBXProject;
			attributes = {
				BuildIndependentTargetsInParallel = 1;
				LastSwiftUpdateCheck = 1520;
				LastUpgradeCheck = 1520;
				TargetAttributes = {
					5B97275D2B81F7D500BBD27F = {
						CreatedOnToolsVersion = 15.2;
					};
					5B9727732B81F7D600BBD27F = {
						CreatedOnToolsVersion = 15.2;
						TestTargetID = 5B97275D2B81F7D500BBD27F;
					};
					5B97277D2B81F7D600BBD27F = {
						CreatedOnToolsVersion = 15.2;
						TestTargetID = 5B97275D2B81F7D500BBD27F;
					};
				};
			};
			buildConfigurationList = 5B9727592B81F7D500BBD27F /* Build configuration list for PBXProject "GZTakeAwayTest" */;
			compatibilityVersion = "Xcode 14.0";
			developmentRegion = en;
			hasScannedForEncodings = 0;
			knownRegions = (
				en,
				Base,
			);
			mainGroup = 5B9727552B81F7D500BBD27F;
			packageReferences = (
				5BF329F52B823B4100BAE58A /* XCRemoteSwiftPackageReference "Alamofire" */,
			);
			productRefGroup = 5B97275F2B81F7D500BBD27F /* Products */;
			projectDirPath = "";
			projectRoot = "";
			targets = (
				5B97275D2B81F7D500BBD27F /* GZTakeAwayTest */,
				5B9727732B81F7D600BBD27F /* GZTakeAwayTestTests */,
				5B97277D2B81F7D600BBD27F /* GZTakeAwayTestUITests */,
			);
		};
/* End PBXProject section */

/* Begin PBXResourcesBuildPhase section */
		5B97275C2B81F7D500BBD27F /* Resources */ = {
			isa = PBXResourcesBuildPhase;
			buildActionMask = 2147483647;
			files = (
				5B97276E2B81F7D600BBD27F /* LaunchScreen.storyboard in Resources */,
				5BF32A052B825BD800BAE58A /* ShimmerTableViewCell.xib in Resources */,
				5B9727982B82048000BBD27F /* SearchFieldView.xib in Resources */,
				5B97276B2B81F7D600BBD27F /* Assets.xcassets in Resources */,
				5BF329F02B820FBC00BAE58A /* ContactTableViewCell.xib in Resources */,
				5B9727692B81F7D500BBD27F /* Main.storyboard in Resources */,
			);
			runOnlyForDeploymentPostprocessing = 0;
		};
		5B9727722B81F7D600BBD27F /* Resources */ = {
			isa = PBXResourcesBuildPhase;
			buildActionMask = 2147483647;
			files = (
			);
			runOnlyForDeploymentPostprocessing = 0;
		};
		5B97277C2B81F7D600BBD27F /* Resources */ = {
			isa = PBXResourcesBuildPhase;
			buildActionMask = 2147483647;
			files = (
			);
			runOnlyForDeploymentPostprocessing = 0;
		};
/* End PBXResourcesBuildPhase section */

/* Begin PBXSourcesBuildPhase section */
		5B97275A2B81F7D500BBD27F /* Sources */ = {
			isa = PBXSourcesBuildPhase;
			buildActionMask = 2147483647;
			files = (
				5BF329FB2B82591900BAE58A /* UIView+Shimmer.swift in Sources */,
				5BF32A072B82672B00BAE58A /* Secret.swift in Sources */,
				5B9727662B81F7D500BBD27F /* ContactListViewController.swift in Sources */,
				5BF329EF2B820FBC00BAE58A /* ContactTableViewCell.swift in Sources */,
				5BF32A042B825BD800BAE58A /* ShimmerTableViewCell.swift in Sources */,
				5B97279A2B82048E00BBD27F /* SearchFieldView.swift in Sources */,
				5BF329F32B8233E100BAE58A /* ContactListViewModel.swift in Sources */,
				5B9727622B81F7D500BBD27F /* AppDelegate.swift in Sources */,
				5B9727642B81F7D500BBD27F /* SceneDelegate.swift in Sources */,
				5BF329F92B823ECC00BAE58A /* ContactsModel.swift in Sources */,
			);
			runOnlyForDeploymentPostprocessing = 0;
		};
		5B9727702B81F7D600BBD27F /* Sources */ = {
			isa = PBXSourcesBuildPhase;
			buildActionMask = 2147483647;
			files = (
				5B9727792B81F7D600BBD27F /* GZTakeAwayTestTests.swift in Sources */,
			);
			runOnlyForDeploymentPostprocessing = 0;
		};
		5B97277A2B81F7D600BBD27F /* Sources */ = {
			isa = PBXSourcesBuildPhase;
			buildActionMask = 2147483647;
			files = (
				5B9727852B81F7D600BBD27F /* GZTakeAwayTestUITestsLaunchTests.swift in Sources */,
				5B9727832B81F7D600BBD27F /* GZTakeAwayTestUITests.swift in Sources */,
			);
			runOnlyForDeploymentPostprocessing = 0;
		};
/* End PBXSourcesBuildPhase section */

/* Begin PBXTargetDependency section */
		5B9727762B81F7D600BBD27F /* PBXTargetDependency */ = {
			isa = PBXTargetDependency;
			target = 5B97275D2B81F7D500BBD27F /* GZTakeAwayTest */;
			targetProxy = 5B9727752B81F7D600BBD27F /* PBXContainerItemProxy */;
		};
		5B9727802B81F7D600BBD27F /* PBXTargetDependency */ = {
			isa = PBXTargetDependency;
			target = 5B97275D2B81F7D500BBD27F /* GZTakeAwayTest */;
			targetProxy = 5B97277F2B81F7D600BBD27F /* PBXContainerItemProxy */;
		};
/* End PBXTargetDependency section */

/* Begin PBXVariantGroup section */
		5B9727672B81F7D500BBD27F /* Main.storyboard */ = {
			isa = PBXVariantGroup;
			children = (
				5B9727682B81F7D500BBD27F /* Base */,
			);
			name = Main.storyboard;
			sourceTree = "<group>";
		};
		5B97276C2B81F7D600BBD27F /* LaunchScreen.storyboard */ = {
			isa = PBXVariantGroup;
			children = (
				5B97276D2B81F7D600BBD27F /* Base */,
			);
			name = LaunchScreen.storyboard;
			sourceTree = "<group>";
		};
/* End PBXVariantGroup section */

/* Begin XCBuildConfiguration section */
		5B9727862B81F7D600BBD27F /* Debug */ = {
			isa = XCBuildConfiguration;
			buildSettings = {
				ALWAYS_SEARCH_USER_PATHS = NO;
				ASSETCATALOG_COMPILER_GENERATE_SWIFT_ASSET_SYMBOL_EXTENSIONS = YES;
				CLANG_ANALYZER_NONNULL = YES;
				CLANG_ANALYZER_NUMBER_OBJECT_CONVERSION = YES_AGGRESSIVE;
				CLANG_CXX_LANGUAGE_STANDARD = "gnu++20";
				CLANG_ENABLE_MODULES = YES;
				CLANG_ENABLE_OBJC_ARC = YES;
				CLANG_ENABLE_OBJC_WEAK = YES;
				CLANG_WARN_BLOCK_CAPTURE_AUTORELEASING = YES;
				CLANG_WARN_BOOL_CONVERSION = YES;
				CLANG_WARN_COMMA = YES;
				CLANG_WARN_CONSTANT_CONVERSION = YES;
				CLANG_WARN_DEPRECATED_OBJC_IMPLEMENTATIONS = YES;
				CLANG_WARN_DIRECT_OBJC_ISA_USAGE = YES_ERROR;
				CLANG_WARN_DOCUMENTATION_COMMENTS = YES;
				CLANG_WARN_EMPTY_BODY = YES;
				CLANG_WARN_ENUM_CONVERSION = YES;
				CLANG_WARN_INFINITE_RECURSION = YES;
				CLANG_WARN_INT_CONVERSION = YES;
				CLANG_WARN_NON_LITERAL_NULL_CONVERSION = YES;
				CLANG_WARN_OBJC_IMPLICIT_RETAIN_SELF = YES;
				CLANG_WARN_OBJC_LITERAL_CONVERSION = YES;
				CLANG_WARN_OBJC_ROOT_CLASS = YES_ERROR;
				CLANG_WARN_QUOTED_INCLUDE_IN_FRAMEWORK_HEADER = YES;
				CLANG_WARN_RANGE_LOOP_ANALYSIS = YES;
				CLANG_WARN_STRICT_PROTOTYPES = YES;
				CLANG_WARN_SUSPICIOUS_MOVE = YES;
				CLANG_WARN_UNGUARDED_AVAILABILITY = YES_AGGRESSIVE;
				CLANG_WARN_UNREACHABLE_CODE = YES;
				CLANG_WARN__DUPLICATE_METHOD_MATCH = YES;
				COPY_PHASE_STRIP = NO;
				DEBUG_INFORMATION_FORMAT = dwarf;
				ENABLE_STRICT_OBJC_MSGSEND = YES;
				ENABLE_TESTABILITY = YES;
				ENABLE_USER_SCRIPT_SANDBOXING = YES;
				GCC_C_LANGUAGE_STANDARD = gnu17;
				GCC_DYNAMIC_NO_PIC = NO;
				GCC_NO_COMMON_BLOCKS = YES;
				GCC_OPTIMIZATION_LEVEL = 0;
				GCC_PREPROCESSOR_DEFINITIONS = (
					"DEBUG=1",
					"$(inherited)",
				);
				GCC_WARN_64_TO_32_BIT_CONVERSION = YES;
				GCC_WARN_ABOUT_RETURN_TYPE = YES_ERROR;
				GCC_WARN_UNDECLARED_SELECTOR = YES;
				GCC_WARN_UNINITIALIZED_AUTOS = YES_AGGRESSIVE;
				GCC_WARN_UNUSED_FUNCTION = YES;
				GCC_WARN_UNUSED_VARIABLE = YES;
				INFOPLIST_KEY_UIUserInterfaceStyle = Light;
				IPHONEOS_DEPLOYMENT_TARGET = 13.0;
				LOCALIZATION_PREFERS_STRING_CATALOGS = YES;
				MTL_ENABLE_DEBUG_INFO = INCLUDE_SOURCE;
				MTL_FAST_MATH = YES;
				ONLY_ACTIVE_ARCH = YES;
				SDKROOT = iphoneos;
				SWIFT_ACTIVE_COMPILATION_CONDITIONS = "DEBUG $(inherited)";
				SWIFT_OPTIMIZATION_LEVEL = "-Onone";
			};
			name = Debug;
		};
		5B9727872B81F7D600BBD27F /* Release */ = {
			isa = XCBuildConfiguration;
			buildSettings = {
				ALWAYS_SEARCH_USER_PATHS = NO;
				ASSETCATALOG_COMPILER_GENERATE_SWIFT_ASSET_SYMBOL_EXTENSIONS = YES;
				CLANG_ANALYZER_NONNULL = YES;
				CLANG_ANALYZER_NUMBER_OBJECT_CONVERSION = YES_AGGRESSIVE;
				CLANG_CXX_LANGUAGE_STANDARD = "gnu++20";
				CLANG_ENABLE_MODULES = YES;
				CLANG_ENABLE_OBJC_ARC = YES;
				CLANG_ENABLE_OBJC_WEAK = YES;
				CLANG_WARN_BLOCK_CAPTURE_AUTORELEASING = YES;
				CLANG_WARN_BOOL_CONVERSION = YES;
				CLANG_WARN_COMMA = YES;
				CLANG_WARN_CONSTANT_CONVERSION = YES;
				CLANG_WARN_DEPRECATED_OBJC_IMPLEMENTATIONS = YES;
				CLANG_WARN_DIRECT_OBJC_ISA_USAGE = YES_ERROR;
				CLANG_WARN_DOCUMENTATION_COMMENTS = YES;
				CLANG_WARN_EMPTY_BODY = YES;
				CLANG_WARN_ENUM_CONVERSION = YES;
				CLANG_WARN_INFINITE_RECURSION = YES;
				CLANG_WARN_INT_CONVERSION = YES;
				CLANG_WARN_NON_LITERAL_NULL_CONVERSION = YES;
				CLANG_WARN_OBJC_IMPLICIT_RETAIN_SELF = YES;
				CLANG_WARN_OBJC_LITERAL_CONVERSION = YES;
				CLANG_WARN_OBJC_ROOT_CLASS = YES_ERROR;
				CLANG_WARN_QUOTED_INCLUDE_IN_FRAMEWORK_HEADER = YES;
				CLANG_WARN_RANGE_LOOP_ANALYSIS = YES;
				CLANG_WARN_STRICT_PROTOTYPES = YES;
				CLANG_WARN_SUSPICIOUS_MOVE = YES;
				CLANG_WARN_UNGUARDED_AVAILABILITY = YES_AGGRESSIVE;
				CLANG_WARN_UNREACHABLE_CODE = YES;
				CLANG_WARN__DUPLICATE_METHOD_MATCH = YES;
				COPY_PHASE_STRIP = NO;
				DEBUG_INFORMATION_FORMAT = "dwarf-with-dsym";
				ENABLE_NS_ASSERTIONS = NO;
				ENABLE_STRICT_OBJC_MSGSEND = YES;
				ENABLE_USER_SCRIPT_SANDBOXING = YES;
				GCC_C_LANGUAGE_STANDARD = gnu17;
				GCC_NO_COMMON_BLOCKS = YES;
				GCC_WARN_64_TO_32_BIT_CONVERSION = YES;
				GCC_WARN_ABOUT_RETURN_TYPE = YES_ERROR;
				GCC_WARN_UNDECLARED_SELECTOR = YES;
				GCC_WARN_UNINITIALIZED_AUTOS = YES_AGGRESSIVE;
				GCC_WARN_UNUSED_FUNCTION = YES;
				GCC_WARN_UNUSED_VARIABLE = YES;
				INFOPLIST_KEY_UIUserInterfaceStyle = Light;
				IPHONEOS_DEPLOYMENT_TARGET = 13.0;
				LOCALIZATION_PREFERS_STRING_CATALOGS = YES;
				MTL_ENABLE_DEBUG_INFO = NO;
				MTL_FAST_MATH = YES;
				SDKROOT = iphoneos;
				SWIFT_COMPILATION_MODE = wholemodule;
				VALIDATE_PRODUCT = YES;
			};
			name = Release;
		};
		5B9727892B81F7D600BBD27F /* Debug */ = {
			isa = XCBuildConfiguration;
			buildSettings = {
				ASSETCATALOG_COMPILER_APPICON_NAME = AppIcon;
				ASSETCATALOG_COMPILER_GLOBAL_ACCENT_COLOR_NAME = AccentColor;
				CODE_SIGN_STYLE = Automatic;
				CURRENT_PROJECT_VERSION = 1;
				DEVELOPMENT_TEAM = WL84M4B86K;
				GENERATE_INFOPLIST_FILE = YES;
				INFOPLIST_FILE = GZTakeAwayTest/Info.plist;
				INFOPLIST_KEY_UIApplicationSupportsIndirectInputEvents = YES;
				INFOPLIST_KEY_UILaunchStoryboardName = LaunchScreen;
				INFOPLIST_KEY_UIMainStoryboardFile = Main;
				INFOPLIST_KEY_UISupportedInterfaceOrientations = UIInterfaceOrientationPortrait;
				IPHONEOS_DEPLOYMENT_TARGET = 13.0;
				LD_RUNPATH_SEARCH_PATHS = (
					"$(inherited)",
					"@executable_path/Frameworks",
				);
				MARKETING_VERSION = 1.0;
				PRODUCT_BUNDLE_IDENTIFIER = com.absar.GZTakeAwayTest;
				PRODUCT_NAME = "$(TARGET_NAME)";
				SWIFT_EMIT_LOC_STRINGS = YES;
				SWIFT_VERSION = 5.0;
				TARGETED_DEVICE_FAMILY = "1,2";
			};
			name = Debug;
		};
		5B97278A2B81F7D600BBD27F /* Release */ = {
			isa = XCBuildConfiguration;
			buildSettings = {
				ASSETCATALOG_COMPILER_APPICON_NAME = AppIcon;
				ASSETCATALOG_COMPILER_GLOBAL_ACCENT_COLOR_NAME = AccentColor;
				CODE_SIGN_STYLE = Automatic;
				CURRENT_PROJECT_VERSION = 1;
				DEVELOPMENT_TEAM = WL84M4B86K;
				GENERATE_INFOPLIST_FILE = YES;
				INFOPLIST_FILE = GZTakeAwayTest/Info.plist;
				INFOPLIST_KEY_UIApplicationSupportsIndirectInputEvents = YES;
				INFOPLIST_KEY_UILaunchStoryboardName = LaunchScreen;
				INFOPLIST_KEY_UIMainStoryboardFile = Main;
				INFOPLIST_KEY_UISupportedInterfaceOrientations = UIInterfaceOrientationPortrait;
				IPHONEOS_DEPLOYMENT_TARGET = 13.0;
				LD_RUNPATH_SEARCH_PATHS = (
					"$(inherited)",
					"@executable_path/Frameworks",
				);
				MARKETING_VERSION = 1.0;
				PRODUCT_BUNDLE_IDENTIFIER = com.absar.GZTakeAwayTest;
				PRODUCT_NAME = "$(TARGET_NAME)";
				SWIFT_EMIT_LOC_STRINGS = YES;
				SWIFT_VERSION = 5.0;
				TARGETED_DEVICE_FAMILY = "1,2";
			};
			name = Release;
		};
		5B97278C2B81F7D600BBD27F /* Debug */ = {
			isa = XCBuildConfiguration;
			buildSettings = {
				ALWAYS_EMBED_SWIFT_STANDARD_LIBRARIES = YES;
				BUNDLE_LOADER = "$(TEST_HOST)";
				CODE_SIGN_STYLE = Automatic;
				CURRENT_PROJECT_VERSION = 1;
				DEVELOPMENT_TEAM = WL84M4B86K;
				GENERATE_INFOPLIST_FILE = YES;
				IPHONEOS_DEPLOYMENT_TARGET = 17.2;
				MARKETING_VERSION = 1.0;
				PRODUCT_BUNDLE_IDENTIFIER = com.absar.GZTakeAwayTestTests;
				PRODUCT_NAME = "$(TARGET_NAME)";
				SWIFT_EMIT_LOC_STRINGS = NO;
				SWIFT_VERSION = 5.0;
				TARGETED_DEVICE_FAMILY = "1,2";
				TEST_HOST = "$(BUILT_PRODUCTS_DIR)/GZTakeAwayTest.app/$(BUNDLE_EXECUTABLE_FOLDER_PATH)/GZTakeAwayTest";
			};
			name = Debug;
		};
		5B97278D2B81F7D600BBD27F /* Release */ = {
			isa = XCBuildConfiguration;
			buildSettings = {
				ALWAYS_EMBED_SWIFT_STANDARD_LIBRARIES = YES;
				BUNDLE_LOADER = "$(TEST_HOST)";
				CODE_SIGN_STYLE = Automatic;
				CURRENT_PROJECT_VERSION = 1;
				DEVELOPMENT_TEAM = WL84M4B86K;
				GENERATE_INFOPLIST_FILE = YES;
				IPHONEOS_DEPLOYMENT_TARGET = 17.2;
				MARKETING_VERSION = 1.0;
				PRODUCT_BUNDLE_IDENTIFIER = com.absar.GZTakeAwayTestTests;
				PRODUCT_NAME = "$(TARGET_NAME)";
				SWIFT_EMIT_LOC_STRINGS = NO;
				SWIFT_VERSION = 5.0;
				TARGETED_DEVICE_FAMILY = "1,2";
				TEST_HOST = "$(BUILT_PRODUCTS_DIR)/GZTakeAwayTest.app/$(BUNDLE_EXECUTABLE_FOLDER_PATH)/GZTakeAwayTest";
			};
			name = Release;
		};
		5B97278F2B81F7D600BBD27F /* Debug */ = {
			isa = XCBuildConfiguration;
			buildSettings = {
				ALWAYS_EMBED_SWIFT_STANDARD_LIBRARIES = YES;
				CODE_SIGN_STYLE = Automatic;
				CURRENT_PROJECT_VERSION = 1;
				DEVELOPMENT_TEAM = WL84M4B86K;
				GENERATE_INFOPLIST_FILE = YES;
				MARKETING_VERSION = 1.0;
				PRODUCT_BUNDLE_IDENTIFIER = com.absar.GZTakeAwayTestUITests;
				PRODUCT_NAME = "$(TARGET_NAME)";
				SWIFT_EMIT_LOC_STRINGS = NO;
				SWIFT_VERSION = 5.0;
				TARGETED_DEVICE_FAMILY = "1,2";
				TEST_TARGET_NAME = GZTakeAwayTest;
			};
			name = Debug;
		};
		5B9727902B81F7D600BBD27F /* Release */ = {
			isa = XCBuildConfiguration;
			buildSettings = {
				ALWAYS_EMBED_SWIFT_STANDARD_LIBRARIES = YES;
				CODE_SIGN_STYLE = Automatic;
				CURRENT_PROJECT_VERSION = 1;
				DEVELOPMENT_TEAM = WL84M4B86K;
				GENERATE_INFOPLIST_FILE = YES;
				MARKETING_VERSION = 1.0;
				PRODUCT_BUNDLE_IDENTIFIER = com.absar.GZTakeAwayTestUITests;
				PRODUCT_NAME = "$(TARGET_NAME)";
				SWIFT_EMIT_LOC_STRINGS = NO;
				SWIFT_VERSION = 5.0;
				TARGETED_DEVICE_FAMILY = "1,2";
				TEST_TARGET_NAME = GZTakeAwayTest;
			};
			name = Release;
		};
/* End XCBuildConfiguration section */

/* Begin XCConfigurationList section */
		5B9727592B81F7D500BBD27F /* Build configuration list for PBXProject "GZTakeAwayTest" */ = {
			isa = XCConfigurationList;
			buildConfigurations = (
				5B9727862B81F7D600BBD27F /* Debug */,
				5B9727872B81F7D600BBD27F /* Release */,
			);
			defaultConfigurationIsVisible = 0;
			defaultConfigurationName = Release;
		};
		5B9727882B81F7D600BBD27F /* Build configuration list for PBXNativeTarget "GZTakeAwayTest" */ = {
			isa = XCConfigurationList;
			buildConfigurations = (
				5B9727892B81F7D600BBD27F /* Debug */,
				5B97278A2B81F7D600BBD27F /* Release */,
			);
			defaultConfigurationIsVisible = 0;
			defaultConfigurationName = Release;
		};
		5B97278B2B81F7D600BBD27F /* Build configuration list for PBXNativeTarget "GZTakeAwayTestTests" */ = {
			isa = XCConfigurationList;
			buildConfigurations = (
				5B97278C2B81F7D600BBD27F /* Debug */,
				5B97278D2B81F7D600BBD27F /* Release */,
			);
			defaultConfigurationIsVisible = 0;
			defaultConfigurationName = Release;
		};
		5B97278E2B81F7D600BBD27F /* Build configuration list for PBXNativeTarget "GZTakeAwayTestUITests" */ = {
			isa = XCConfigurationList;
			buildConfigurations = (
				5B97278F2B81F7D600BBD27F /* Debug */,
				5B9727902B81F7D600BBD27F /* Release */,
			);
			defaultConfigurationIsVisible = 0;
			defaultConfigurationName = Release;
		};
/* End XCConfigurationList section */

/* Begin XCRemoteSwiftPackageReference section */
		5BF329F52B823B4100BAE58A /* XCRemoteSwiftPackageReference "Alamofire" */ = {
			isa = XCRemoteSwiftPackageReference;
			repositoryURL = "https://github.com/Alamofire/Alamofire";
			requirement = {
				kind = upToNextMajorVersion;
				minimumVersion = 5.8.1;
			};
		};
/* End XCRemoteSwiftPackageReference section */

/* Begin XCSwiftPackageProductDependency section */
		5BF329F62B823B4100BAE58A /* Alamofire */ = {
			isa = XCSwiftPackageProductDependency;
			package = 5BF329F52B823B4100BAE58A /* XCRemoteSwiftPackageReference "Alamofire" */;
			productName = Alamofire;
		};
/* End XCSwiftPackageProductDependency section */
	};
	rootObject = 5B9727562B81F7D500BBD27F /* Project object */;
}
